
Microsoft Visual Studio Solution File, Format Version 12.00
# Visual Studio 15
VisualStudioVersion = 15.0.27703.2018
MinimumVisualStudioVersion = 10.0.40219.1
Project("{FAE04EC0-301F-11D3-BF4B-00C04F79EFBC}") = "NiansiThemes.Wpf", "NiansiThemes.Wpf\NiansiThemes.Wpf.csproj", "{4F8278AA-C2ED-4F27-A143-2FFDB7D68E01}"
EndProject
Project("{FAE04EC0-301F-11D3-BF4B-00C04F79EFBC}") = "MedicalApp.Demo", "MedicalApp.Demo\MedicalApp.Demo.csproj", "{4778EA5E-7530-43CC-9987-5DE1BE0C1F94}"
EndProject
Project("{FAE04EC0-301F-11D3-BF4B-00C04F79EFBC}") = "NiansiCommons", "NiansiCommons\NiansiCommons.csproj", "{F22A333E-6051-44D1-AAF1-D80421169696}"
EndProject
Project("{FAE04EC0-301F-11D3-BF4B-00C04F79EFBC}") = "NiansiThemes.Wpf.Demo", "NiansiThemes.Wpf.Demo\NiansiThemes.Wpf.Demo.csproj", "{1D9AD44A-E5F1-4684-A05B-6623659272A8}"
EndProject
Project("{2150E333-8FDC-42A3-9474-1A3956D46DE8}") = "HISDemo", "HISDemo", "{88340DD0-9C31-48F6-AA72-CD70156F6238}"
EndProject
Global
	GlobalSection(SolutionConfigurationPlatforms) = preSolution
		Debug|Any CPU = Debug|Any CPU
		Release|Any CPU = Release|Any CPU
	EndGlobalSection
	GlobalSection(ProjectConfigurationPlatforms) = postSolution
		{4F8278AA-C2ED-4F27-A143-2FFDB7D68E01}.Debug|Any CPU.ActiveCfg = Debug|Any CPU
		{4F8278AA-C2ED-4F27-A143-2FFDB7D68E01}.Debug|Any CPU.Build.0 = Debug|Any CPU
		{4F8278AA-C2ED-4F27-A143-2FFDB7D68E01}.Release|Any CPU.ActiveCfg = Release|Any CPU
		{4F8278AA-C2ED-4F27-A143-2FFDB7D68E01}.Release|Any CPU.Build.0 = Release|Any CPU
		{4778EA5E-7530-43CC-9987-5DE1BE0C1F94}.Debug|Any CPU.ActiveCfg = Debug|Any CPU
		{4778EA5E-7530-43CC-9987-5DE1BE0C1F94}.Debug|Any CPU.Build.0 = Debug|Any CPU
		{4778EA5E-7530-43CC-9987-5DE1BE0C1F94}.Release|Any CPU.ActiveCfg = Release|Any CPU
		{4778EA5E-7530-43CC-9987-5DE1BE0C1F94}.Release|Any CPU.Build.0 = Release|Any CPU
		{F22A333E-6051-44D1-AAF1-D80421169696}.Debug|Any CPU.ActiveCfg = Debug|Any CPU
		{F22A333E-6051-44D1-AAF1-D80421169696}.Debug|Any CPU.Build.0 = Debug|Any CPU
		{F22A333E-6051-44D1-AAF1-D80421169696}.Release|Any CPU.ActiveCfg = Release|Any CPU
		{F22A333E-6051-44D1-AAF1-D80421169696}.Release|Any CPU.Build.0 = Release|Any CPU
		{1D9AD44A-E5F1-4684-A05B-6623659272A8}.Debug|Any CPU.ActiveCfg = Debug|Any CPU
		{1D9AD44A-E5F1-4684-A05B-6623659272A8}.Debug|Any CPU.Build.0 = Debug|Any CPU
		{1D9AD44A-E5F1-4684-A05B-6623659272A8}.Release|Any CPU.ActiveCfg = Release|Any CPU
		{1D9AD44A-E5F1-4684-A05B-6623659272A8}.Release|Any CPU.Build.0 = Release|Any CPU
	EndGlobalSection
	GlobalSection(SolutionProperties) = preSolution
		HideSolutionNode = FALSE
	EndGlobalSection
	GlobalSection(NestedProjects) = preSolution
		{4778EA5E-7530-43CC-9987-5DE1BE0C1F94} = {88340DD0-9C31-48F6-AA72-CD70156F6238}
		{F22A333E-6051-44D1-AAF1-D80421169696} = {88340DD0-9C31-48F6-AA72-CD70156F6238}
	EndGlobalSection
	GlobalSection(ExtensibilityGlobals) = postSolution
		SolutionGuid = {3C602772-6FEC-4A4E-9F3D-F29F603E333B}
	EndGlobalSection
EndGlobal
